{
  "version": 4,
  "terraform_version": "1.2.0",
  "serial": 18,
  "lineage": "7919e722-49e4-a4b4-523e-4c6aee0d30d1",
  "outputs": {
    "instance": {
      "value": "instance not found",
      "type": "string"
    }
  },
  "resources": [
    {
      "mode": "managed",
      "type": "random_pet",
      "name": "this",
      "provider": "provider[\"registry.terraform.io/hashicorp/random\"]",
      "instances": [
        {
          "schema_version": 0,
          "attributes": {
            "id": "yearly-fine-mule",
            "keepers": null,
            "length": 3,
            "prefix": null,
            "separator": "-"
          },
          "sensitive_attributes": [],
          "private": "bnVsbA=="
        }
      ]
    },
    {
      "module": "module.this",
      "mode": "managed",
      "type": "linode_instance",
      "name": "this",
      "provider": "provider[\"registry.terraform.io/linode/linode\"]",
      "instances": [
        {
          "schema_version": 0,
          "attributes": {
            "alerts": [
              {
                "cpu": 90,
                "io": 10000,
                "network_in": 10,
                "network_out": 10,
                "transfer_quota": 80
              }
            ],
            "authorized_keys": [],
            "authorized_users": null,
            "backup_id": null,
            "backups": [
              {
                "enabled": false,
                "schedule": [
                  {
                    "day": "",
                    "window": ""
                  }
                ]
              }
            ],
            "backups_enabled": false,
            "boot_config_label": null,
            "booted": false,
            "config": [],
            "disk": [],
            "group": "",
            "id": "37722026",
            "image": "",
            "interface": [],
            "ip_address": "45.33.82.131",
            "ipv4": [
              "45.33.82.131"
            ],
            "ipv6": "2600:3c03::f03c:93ff:fe39:eec9/128",
            "label": "testInstance",
            "private_ip": false,
            "private_ip_address": null,
            "region": "us-east",
            "resize_disk": false,
            "root_pass": "e4blKmEAZG0WaKXfnOCumMoRMWedMNYc+NBsw9ek0IgKoS6CRZhY8VmO1YU86s/07nA1Im0DYQDcOaiZtCTECg==",
            "shared_ipv4": [],
            "specs": [
              {
                "disk": 51200,
                "memory": 2048,
                "transfer": 2000,
                "vcpus": 1
              }
            ],
            "stackscript_data": null,
            "stackscript_id": 1033447,
            "status": "offline",
            "swap_size": 0,
            "tags": [
              "manual_test_tag"
            ],
            "timeouts": null,
            "type": "g6-standard-1",
            "watchdog_enabled": true
          },
          "sensitive_attributes": [],
          "private": "eyJlMmJmYjczMC1lY2FhLTExZTYtOGY4OC0zNDM2M2JjN2M0YzAiOnsiY3JlYXRlIjo2MDAwMDAwMDAwMDAsImRlbGV0ZSI6NjAwMDAwMDAwMDAwLCJ1cGRhdGUiOjEyMDAwMDAwMDAwMDB9fQ==",
          "dependencies": [
            "module.this.linode_stackscript.this",
            "module.this.random_string.inst_root_passord",
            "random_pet.this"
          ]
        }
      ]
    },
    {
      "module": "module.this",
      "mode": "managed",
      "type": "linode_stackscript",
      "name": "this",
      "provider": "provider[\"registry.terraform.io/linode/linode\"]",
      "instances": [
        {
          "schema_version": 0,
          "attributes": {
            "created": "2022-07-29 14:22:32 +0000 UTC",
            "deployments_active": 0,
            "deployments_total": 0,
            "description": "Connects database testInstance with trhe instance.",
            "id": "1033447",
            "images": [
              "linode/ubuntu18.04",
              "linode/ubuntu16.04lts"
            ],
            "is_public": false,
            "label": "testInstance",
            "rev_note": "initial version",
            "script": "#!/bin/bash\n\n$var.stackscript_extend\n\n",
            "updated": "2022-07-29 14:22:32 +0000 UTC",
            "user_defined_fields": [],
            "user_gravatar_id": "d5ba789e483084b7d9dee585c3b50f4a",
            "username": "jbeauregard"
          },
          "sensitive_attributes": [],
          "private": "bnVsbA==",
          "dependencies": [
            "random_pet.this"
          ]
        }
      ]
    },
    {
      "module": "module.this",
      "mode": "managed",
      "type": "random_string",
      "name": "db_passord",
      "provider": "provider[\"registry.terraform.io/hashicorp/random\"]",
      "instances": [
        {
          "schema_version": 2,
          "attributes": {
            "id": "iFQzA5oRw95Q?9TzT5e-\u003eI(:4m6DGL$1",
            "keepers": null,
            "length": 32,
            "lower": true,
            "min_lower": 0,
            "min_numeric": 0,
            "min_special": 0,
            "min_upper": 0,
            "number": true,
            "numeric": true,
            "override_special": null,
            "result": "iFQzA5oRw95Q?9TzT5e-\u003eI(:4m6DGL$1",
            "special": true,
            "upper": true
          },
          "sensitive_attributes": [],
          "private": "eyJzY2hlbWFfdmVyc2lvbiI6IjIifQ=="
        }
      ]
    },
    {
      "module": "module.this",
      "mode": "managed",
      "type": "random_string",
      "name": "inst_root_passord",
      "provider": "provider[\"registry.terraform.io/hashicorp/random\"]",
      "instances": [
        {
          "schema_version": 2,
          "attributes": {
            "id": "zr5B*PrJmMs8?Pmu\u003eB4MYFBxw=(uZ\u003cfp",
            "keepers": null,
            "length": 32,
            "lower": true,
            "min_lower": 0,
            "min_numeric": 0,
            "min_special": 0,
            "min_upper": 0,
            "number": true,
            "numeric": true,
            "override_special": null,
            "result": "zr5B*PrJmMs8?Pmu\u003eB4MYFBxw=(uZ\u003cfp",
            "special": true,
            "upper": true
          },
          "sensitive_attributes": [],
          "private": "eyJzY2hlbWFfdmVyc2lvbiI6IjIifQ=="
        }
      ]
    }
  ]
}
